// !$*UTF8*$!
{
	archiveVersion = 1;
	classes = {
	};
	objectVersion = 46;
	objects = {

/* Begin PBXBuildFile section */
		CD28C0781C4354A100B073C1 /* AppDelegate.swift in Sources */ = {isa = PBXBuildFile; fileRef = CD28C0771C4354A100B073C1 /* AppDelegate.swift */; };
		CD28C07A1C4354A100B073C1 /* ViewController.swift in Sources */ = {isa = PBXBuildFile; fileRef = CD28C0791C4354A100B073C1 /* ViewController.swift */; };
		CD28C07D1C4354A100B073C1 /* Main.storyboard in Resources */ = {isa = PBXBuildFile; fileRef = CD28C07B1C4354A100B073C1 /* Main.storyboard */; };
		CD28C07F1C4354A100B073C1 /* Assets.xcassets in Resources */ = {isa = PBXBuildFile; fileRef = CD28C07E1C4354A100B073C1 /* Assets.xcassets */; };
		CD28C0821C4354A100B073C1 /* LaunchScreen.storyboard in Resources */ = {isa = PBXBuildFile; fileRef = CD28C0801C4354A100B073C1 /* LaunchScreen.storyboard */; };
/* End PBXBuildFile section */

/* Begin PBXFileReference section */
		CD28C0741C4354A100B073C1 /* Social.app */ = {isa = PBXFileReference; explicitFileType = wrapper.application; includeInIndex = 0; path = Social.app; sourceTree = BUILT_PRODUCTS_DIR; };
		CD28C0771C4354A100B073C1 /* AppDelegate.swift */ = {isa = PBXFileReference; lastKnownFileType = sourcecode.swift; path = AppDelegate.swift; sourceTree = "<group>"; };
		CD28C0791C4354A100B073C1 /* ViewController.swift */ = {isa = PBXFileReference; lastKnownFileType = sourcecode.swift; path = ViewController.swift; sourceTree = "<group>"; };
		CD28C07C1C4354A100B073C1 /* Base */ = {isa = PBXFileReference; lastKnownFileType = file.storyboard; name = Base; path = Base.lproj/Main.storyboard; sourceTree = "<group>"; };
		CD28C07E1C4354A100B073C1 /* Assets.xcassets */ = {isa = PBXFileReference; lastKnownFileType = folder.assetcatalog; path = Assets.xcassets; sourceTree = "<group>"; };
		CD28C0811C4354A100B073C1 /* Base */ = {isa = PBXFileReference; lastKnownFileType = file.storyboard; name = Base; path = Base.lproj/LaunchScreen.storyboard; sourceTree = "<group>"; };
		CD28C0831C4354A100B073C1 /* Info.plist */ = {isa = PBXFileReference; lastKnownFileType = text.plist.xml; path = Info.plist; sourceTree = "<group>"; };
/* End PBXFileReference section */

/* Begin PBXFrameworksBuildPhase section */
		CD28C0711C4354A100B073C1 /* Frameworks */ = {
			isa = PBXFrameworksBuildPhase;
			buildActionMask = 2147483647;
			files = (
			);
			runOnlyForDeploymentPostprocessing = 0;
		};
/* End PBXFrameworksBuildPhase section */

/* Begin PBXGroup section */
		CD28C06B1C4354A100B073C1 = {
			isa = PBXGroup;
			children = (
				CD28C0761C4354A100B073C1 /* Social */,
				CD28C0751C4354A100B073C1 /* Products */,
			);
			sourceTree = "<group>";
		};
		CD28C0751C4354A100B073C1 /* Products */ = {
			isa = PBXGroup;
			children = (
				CD28C0741C4354A100B073C1 /* Social.app */,
			);
			name = Products;
			sourceTree = "<group>";
		};
		CD28C0761C4354A100B073C1 /* Social */ = {
			isa = PBXGroup;
			children = (
				CD28C0771C4354A100B073C1 /* AppDelegate.swift */,
				CD28C0791C4354A100B073C1 /* ViewController.swift */,
				CD28C07B1C4354A100B073C1 /* Main.storyboard */,
				CD28C07E1C4354A100B073C1 /* Assets.xcassets */,
				CD28C0801C4354A100B073C1 /* LaunchScreen.storyboard */,
				CD28C0831C4354A100B073C1 /* Info.plist */,
			);
			path = Social;
			sourceTree = "<group>";
		};
/* End PBXGroup section */

/* Begin PBXNativeTarget section */
		CD28C0731C4354A100B073C1 /* Social */ = {
			isa = PBXNativeTarget;
			buildConfigurationList = CD28C0861C4354A100B073C1 /* Build configuration list for PBXNativeTarget "Social" */;
			buildPhases = (
				CD28C0701C4354A100B073C1 /* Sources */,
				CD28C0711C4354A100B073C1 /* Frameworks */,
				CD28C0721C4354A100B073C1 /* Resources */,
			);
			buildRules = (
			);
			dependencies = (
			);
			name = Social;
			productName = Social;
			productReference = CD28C0741C4354A100B073C1 /* Social.app */;
			productType = "com.apple.product-type.application";
		};
/* End PBXNativeTarget section */

/* Begin PBXProject section */
		CD28C06C1C4354A100B073C1 /* Project object */ = {
			isa = PBXProject;
			attributes = {
				LastSwiftUpdateCheck = 0720;
				LastUpgradeCheck = 0720;
				ORGANIZATIONNAME = ccorvino;
				TargetAttributes = {
					CD28C0731C4354A100B073C1 = {
						CreatedOnToolsVersion = 7.2;
						DevelopmentTeam = 6FE3945UX4;
					};
				};
			};
			buildConfigurationList = CD28C06F1C4354A100B073C1 /* Build configuration list for PBXProject "Social" */;
			compatibilityVersion = "Xcode 3.2";
			developmentRegion = English;
			hasScannedForEncodings = 0;
			knownRegions = (
				en,
				Base,
			);
			mainGroup = CD28C06B1C4354A100B073C1;
			productRefGroup = CD28C0751C4354A100B073C1 /* Products */;
			projectDirPath = "";
			projectRoot = "";
			targets = (
				CD28C0731C4354A100B073C1 /* Social */,
			);
		};
/* End PBXProject section */

/* Begin PBXResourcesBuildPhase section */
		CD28C0721C4354A100B073C1 /* Resources */ = {
			isa = PBXResourcesBuildPhase;
			buildActionMask = 2147483647;
			files = (
				CD28C0821C4354A100B073C1 /* LaunchScreen.storyboard in Resources */,
				CD28C07F1C4354A100B073C1 /* Assets.xcassets in Resources */,
				CD28C07D1C4354A100B073C1 /* Main.storyboard in Resources */,
			);
			runOnlyForDeploymentPostprocessing = 0;
		};
/* End PBXResourcesBuildPhase section */

/* Begin PBXSourcesBuildPhase section */
		CD28C0701C4354A100B073C1 /* Sources */ = {
			isa = PBXSourcesBuildPhase;
			buildActionMask = 2147483647;
			files = (
				CD28C07A1C4354A100B073C1 /* ViewController.swift in Sources */,
				CD28C0781C4354A100B073C1 /* AppDelegate.swift in Sources */,
			);
			runOnlyForDeploymentPostprocessing = 0;
		};
/* End PBXSourcesBuildPhase section */

/* Begin PBXVariantGroup section */
		CD28C07B1C4354A100B073C1 /* Main.storyboard */ = {
			isa = PBXVariantGroup;
			children = (
				CD28C07C1C4354A100B073C1 /* Base */,
			);
			name = Main.storyboard;
			sourceTree = "<group>";
		};
		CD28C0801C4354A100B073C1 /* LaunchScreen.storyboard */ = {
			isa = PBXVariantGroup;
			children = (
				CD28C0811C4354A100B073C1 /* Base */,
			);
			name = LaunchScreen.storyboard;
			sourceTree = "<group>";
		};
/* End PBXVariantGroup section */

/* Begin XCBuildConfiguration section */
		CD28C0841C4354A100B073C1 /* Debug */ = {
			isa = XCBuildConfiguration;
			buildSettings = {
				ALWAYS_SEARCH_USER_PATHS = NO;
				CLANG_CXX_LANGUAGE_STANDARD = "gnu++0x";
				CLANG_CXX_LIBRARY = "libc++";
				CLANG_ENABLE_MODULES = YES;
				CLANG_ENABLE_OBJC_ARC = YES;
				CLANG_WARN_BOOL_CONVERSION = YES;
				CLANG_WARN_CONSTANT_CONVERSION = YES;
				CLANG_WARN_DIRECT_OBJC_ISA_USAGE = YES_ERROR;
				CLANG_WARN_EMPTY_BODY = YES;
				CLANG_WARN_ENUM_CONVERSION = YES;
				CLANG_WARN_INT_CONVERSION = YES;
				CLANG_WARN_OBJC_ROOT_CLASS = YES_ERROR;
				CLANG_WARN_UNREACHABLE_CODE = YES;
				CLANG_WARN__DUPLICATE_METHOD_MATCH = YES;
				"CODE_SIGN_IDENTITY[sdk=iphoneos*]" = "iPhone Developer";
				COPY_PHASE_STRIP = NO;
				DEBUG_INFORMATION_FORMAT = dwarf;
				ENABLE_STRICT_OBJC_MSGSEND = YES;
				ENABLE_TESTABILITY = YES;
				GCC_C_LANGUAGE_STANDARD = gnu99;
				GCC_DYNAMIC_NO_PIC = NO;
				GCC_NO_COMMON_BLOCKS = YES;
				GCC_OPTIMIZATION_LEVEL = 0;
				GCC_PREPROCESSOR_DEFINITIONS = (
					"DEBUG=1",
					"$(inherited)",
				);
				GCC_WARN_64_TO_32_BIT_CONVERSION = YES;
				GCC_WARN_ABOUT_RETURN_TYPE = YES_ERROR;
				GCC_WARN_UNDECLARED_SELECTOR = YES;
				GCC_WARN_UNINITIALIZED_AUTOS = YES_AGGRESSIVE;
				GCC_WARN_UNUSED_FUNCTION = YES;
				GCC_WARN_UNUSED_VARIABLE = YES;
				IPHONEOS_DEPLOYMENT_TARGET = 9.2;
				MTL_ENABLE_DEBUG_INFO = YES;
				ONLY_ACTIVE_ARCH = YES;
				SDKROOT = iphoneos;
				SWIFT_OPTIMIZATION_LEVEL = "-Onone";
			};
			name = Debug;
		};
		CD28C0851C4354A100B073C1 /* Release */ = {
			isa = XCBuildConfiguration;
			buildSettings = {
				ALWAYS_SEARCH_USER_PATHS = NO;
				CLANG_CXX_LANGUAGE_STANDARD = "gnu++0x";
				CLANG_CXX_LIBRARY = "libc++";
				CLANG_ENABLE_MODULES = YES;
				CLANG_ENABLE_OBJC_ARC = YES;
				CLANG_WARN_BOOL_CONVERSION = YES;
				CLANG_WARN_CONSTANT_CONVERSION = YES;
				CLANG_WARN_DIRECT_OBJC_ISA_USAGE = YES_ERROR;
				CLANG_WARN_EMPTY_BODY = YES;
				CLANG_WARN_ENUM_CONVERSION = YES;
				CLANG_WARN_INT_CONVERSION = YES;
				CLANG_WARN_OBJC_ROOT_CLASS = YES_ERROR;
				CLANG_WARN_UNREACHABLE_CODE = YES;
				CLANG_WARN__DUPLICATE_METHOD_MATCH = YES;
				"CODE_SIGN_IDENTITY[sdk=iphoneos*]" = "iPhone Developer";
				COPY_PHASE_STRIP = NO;
				DEBUG_INFORMATION_FORMAT = "dwarf-with-dsym";
				ENABLE_NS_ASSERTIONS = NO;
				ENABLE_STRICT_OBJC_MSGSEND = YES;
				GCC_C_LANGUAGE_STANDARD = gnu99;
				GCC_NO_COMMON_BLOCKS = YES;
				GCC_WARN_64_TO_32_BIT_CONVERSION = YES;
				GCC_WARN_ABOUT_RETURN_TYPE = YES_ERROR;
				GCC_WARN_UNDECLARED_SELECTOR = YES;
				GCC_WARN_UNINITIALIZED_AUTOS = YES_AGGRESSIVE;
				GCC_WARN_UNUSED_FUNCTION = YES;
				GCC_WARN_UNUSED_VARIABLE = YES;
				IPHONEOS_DEPLOYMENT_TARGET = 9.2;
				MTL_ENABLE_DEBUG_INFO = NO;
				SDKROOT = iphoneos;
				VALIDATE_PRODUCT = YES;
			};
			name = Release;
		};
		CD28C0871C4354A100B073C1 /* Debug */ = {
			isa = XCBuildConfiguration;
			buildSettings = {
				ASSETCATALOG_COMPILER_APPICON_NAME = AppIcon;
				INFOPLIST_FILE = Social/Info.plist;
				LD_RUNPATH_SEARCH_PATHS = "$(inherited) @executable_path/Frameworks";
				PRODUCT_BUNDLE_IDENTIFIER = com.ccorvino.Social;
				PRODUCT_NAME = "$(TARGET_NAME)";
			};
			name = Debug;
		};
		CD28C0881C4354A100B073C1 /* Release */ = {
			isa = XCBuildConfiguration;
			buildSettings = {
				ASSETCATALOG_COMPILER_APPICON_NAME = AppIcon;
				INFOPLIST_FILE = Social/Info.plist;
				LD_RUNPATH_SEARCH_PATHS = "$(inherited) @executable_path/Frameworks";
				PRODUCT_BUNDLE_IDENTIFIER = com.ccorvino.Social;
				PRODUCT_NAME = "$(TARGET_NAME)";
			};
			name = Release;
		};
/* End XCBuildConfiguration section */

/* Begin XCConfigurationList section */
		CD28C06F1C4354A100B073C1 /* Build configuration list for PBXProject "Social" */ = {
			isa = XCConfigurationList;
			buildConfigurations = (
				CD28C0841C4354A100B073C1 /* Debug */,
				CD28C0851C4354A100B073C1 /* Release */,
			);
			defaultConfigurationIsVisible = 0;
			defaultConfigurationName = Release;
		};
		CD28C0861C4354A100B073C1 /* Build configuration list for PBXNativeTarget "Social" */ = {
			isa = XCConfigurationList;
			buildConfigurations = (
				CD28C0871C4354A100B073C1 /* Debug */,
				CD28C0881C4354A100B073C1 /* Release */,
			);
			defaultConfigurationIsVisible = 0;
		};
/* End XCConfigurationList section */
	};
	rootObject = CD28C06C1C4354A100B073C1 /* Project object */;
}
